schema: '2.0'
stages:
  preprocess:
    cmd: python src/preprocessing.py
    deps:
    - path: data/housing.csv
      hash: md5
      md5: d1c47305887e2252bf1ccbd74ff159a6
      size: 1423529
    - path: src/preprocessing.py
      hash: md5
      md5: e4b9d609ba63403c9f225d49fd124e3c
      size: 816
    outs:
    - path: data/housing_processed.csv
      hash: md5
      md5: 111be776c80d82c1e7a407a195056a0a
      size: 1825384
  training:
    cmd: python src/training.py
    deps:
    - path: data/housing_processed.csv
      hash: md5
      md5: 111be776c80d82c1e7a407a195056a0a
      size: 1825384
    - path: src/training.py
      hash: md5
      md5: b59c7cf92279eb662054eac7bb15b651
      size: 1127
    outs:
    - path: model/model.pkl
      hash: md5
      md5: 7e96a3dc566c7a318feeb83aec361834
      size: 21649681
